
Microsoft Visual Studio Solution File, Format Version 12.00
# Visual Studio 2012
Project("{FAE04EC0-301F-11D3-BF4B-00C04F79EFBC}") = "MarketSelector", "MarketSelector\MarketSelector.csproj", "{8F73B2FB-828C-436A-9027-B2F8D5FE14D4}"
EndProject
Project("{FAE04EC0-301F-11D3-BF4B-00C04F79EFBC}") = "MidaxLib", "..\MidaxLib\MidaxLib.csproj", "{11173942-8295-4B93-8707-0DE9423F861A}"
EndProject
Project("{2150E333-8FDC-42A3-9474-1A3956D46DE8}") = ".nuget", ".nuget", "{ABD0BA40-A1EA-472D-9885-9018B098BD17}"
	ProjectSection(SolutionItems) = preProject
		.nuget\NuGet.Config = .nuget\NuGet.Config
		.nuget\NuGet.exe = .nuget\NuGet.exe
		.nuget\NuGet.targets = .nuget\NuGet.targets
	EndProjectSection
EndProject
Global
	GlobalSection(SolutionConfigurationPlatforms) = preSolution
		Debug|Any CPU = Debug|Any CPU
		Release|Any CPU = Release|Any CPU
	EndGlobalSection
	GlobalSection(ProjectConfigurationPlatforms) = postSolution
		{8F73B2FB-828C-436A-9027-B2F8D5FE14D4}.Debug|Any CPU.ActiveCfg = Debug|Any CPU
		{8F73B2FB-828C-436A-9027-B2F8D5FE14D4}.Debug|Any CPU.Build.0 = Debug|Any CPU
		{8F73B2FB-828C-436A-9027-B2F8D5FE14D4}.Release|Any CPU.ActiveCfg = Release|Any CPU
		{8F73B2FB-828C-436A-9027-B2F8D5FE14D4}.Release|Any CPU.Build.0 = Release|Any CPU
		{11173942-8295-4B93-8707-0DE9423F861A}.Debug|Any CPU.ActiveCfg = Debug|Any CPU
		{11173942-8295-4B93-8707-0DE9423F861A}.Debug|Any CPU.Build.0 = Debug|Any CPU
		{11173942-8295-4B93-8707-0DE9423F861A}.Release|Any CPU.ActiveCfg = Release|Any CPU
		{11173942-8295-4B93-8707-0DE9423F861A}.Release|Any CPU.Build.0 = Release|Any CPU
	EndGlobalSection
	GlobalSection(SolutionProperties) = preSolution
		HideSolutionNode = FALSE
	EndGlobalSection
EndGlobal
